
Microsoft Visual Studio Solution File, Format Version 12.00
# Visual Studio Version 17
VisualStudioVersion = 17.2.32516.85
MinimumVisualStudioVersion = 10.0.40219.1
Project("{8BC9CEB8-8B4A-11D0-8D11-00A0C91BC942}") = "labRab4", "labRab4\labRab4.vcxproj", "{CF84097B-A21D-42C0-BD45-9366DD314089}"
EndProject
Global
	GlobalSection(SolutionConfigurationPlatforms) = preSolution
		Debug|x64 = Debug|x64
		Debug|x86 = Debug|x86
		Release|x64 = Release|x64
		Release|x86 = Release|x86
	EndGlobalSection
	GlobalSection(ProjectConfigurationPlatforms) = postSolution
		{CF84097B-A21D-42C0-BD45-9366DD314089}.Debug|x64.ActiveCfg = Debug|x64
		{CF84097B-A21D-42C0-BD45-9366DD314089}.Debug|x64.Build.0 = Debug|x64
		{CF84097B-A21D-42C0-BD45-9366DD314089}.Debug|x86.ActiveCfg = Debug|Win32
		{CF84097B-A21D-42C0-BD45-9366DD314089}.Debug|x86.Build.0 = Debug|Win32
		{CF84097B-A21D-42C0-BD45-9366DD314089}.Release|x64.ActiveCfg = Release|x64
		{CF84097B-A21D-42C0-BD45-9366DD314089}.Release|x64.Build.0 = Release|x64
		{CF84097B-A21D-42C0-BD45-9366DD314089}.Release|x86.ActiveCfg = Release|Win32
		{CF84097B-A21D-42C0-BD45-9366DD314089}.Release|x86.Build.0 = Release|Win32
	EndGlobalSection
	GlobalSection(SolutionProperties) = preSolution
		HideSolutionNode = FALSE
	EndGlobalSection
	GlobalSection(ExtensibilityGlobals) = postSolution
		SolutionGuid = {F34BD7BF-45F7-4415-9EAA-EB654607F34C}
	EndGlobalSection
EndGlobal
